// !$*UTF8*$!
{
	archiveVersion = 1;
	classes = {
	};
	objectVersion = 46;
	objects = {

/* Begin PBXBuildFile section */
		7C2711941DBE0DD1005A7525 /* AppDelegate.swift in Sources */ = {isa = PBXBuildFile; fileRef = 7C2711931DBE0DD1005A7525 /* AppDelegate.swift */; };
		7C2711991DBE0DD1005A7525 /* Main.storyboard in Resources */ = {isa = PBXBuildFile; fileRef = 7C2711971DBE0DD1005A7525 /* Main.storyboard */; };
		7C27119B1DBE0DD1005A7525 /* Assets.xcassets in Resources */ = {isa = PBXBuildFile; fileRef = 7C27119A1DBE0DD1005A7525 /* Assets.xcassets */; };
		7C27119E1DBE0DD1005A7525 /* LaunchScreen.storyboard in Resources */ = {isa = PBXBuildFile; fileRef = 7C27119C1DBE0DD1005A7525 /* LaunchScreen.storyboard */; };
		7C2711A61DBE0E24005A7525 /* CustomTableViewController.swift in Sources */ = {isa = PBXBuildFile; fileRef = 7C2711A51DBE0E24005A7525 /* CustomTableViewController.swift */; };
		7C2711A91DBE0FDE005A7525 /* Data.swift in Sources */ = {isa = PBXBuildFile; fileRef = 7C2711A81DBE0FDE005A7525 /* Data.swift */; };
		7C2711AB1DBE1228005A7525 /* CustomTableViewCell.swift in Sources */ = {isa = PBXBuildFile; fileRef = 7C2711AA1DBE1228005A7525 /* CustomTableViewCell.swift */; };
/* End PBXBuildFile section */

/* Begin PBXFileReference section */
		7C2711901DBE0DD1005A7525 /* TestCustomTableViewCell.app */ = {isa = PBXFileReference; explicitFileType = wrapper.application; includeInIndex = 0; path = TestCustomTableViewCell.app; sourceTree = BUILT_PRODUCTS_DIR; };
		7C2711931DBE0DD1005A7525 /* AppDelegate.swift */ = {isa = PBXFileReference; lastKnownFileType = sourcecode.swift; path = AppDelegate.swift; sourceTree = "<group>"; };
		7C2711981DBE0DD1005A7525 /* Base */ = {isa = PBXFileReference; lastKnownFileType = file.storyboard; name = Base; path = Base.lproj/Main.storyboard; sourceTree = "<group>"; };
		7C27119A1DBE0DD1005A7525 /* Assets.xcassets */ = {isa = PBXFileReference; lastKnownFileType = folder.assetcatalog; path = Assets.xcassets; sourceTree = "<group>"; };
		7C27119D1DBE0DD1005A7525 /* Base */ = {isa = PBXFileReference; lastKnownFileType = file.storyboard; name = Base; path = Base.lproj/LaunchScreen.storyboard; sourceTree = "<group>"; };
		7C27119F1DBE0DD1005A7525 /* Info.plist */ = {isa = PBXFileReference; lastKnownFileType = text.plist.xml; path = Info.plist; sourceTree = "<group>"; };
		7C2711A51DBE0E24005A7525 /* CustomTableViewController.swift */ = {isa = PBXFileReference; fileEncoding = 4; lastKnownFileType = sourcecode.swift; path = CustomTableViewController.swift; sourceTree = "<group>"; };
		7C2711A81DBE0FDE005A7525 /* Data.swift */ = {isa = PBXFileReference; fileEncoding = 4; lastKnownFileType = sourcecode.swift; path = Data.swift; sourceTree = "<group>"; };
		7C2711AA1DBE1228005A7525 /* CustomTableViewCell.swift */ = {isa = PBXFileReference; fileEncoding = 4; lastKnownFileType = sourcecode.swift; path = CustomTableViewCell.swift; sourceTree = "<group>"; };
/* End PBXFileReference section */

/* Begin PBXFrameworksBuildPhase section */
		7C27118D1DBE0DD1005A7525 /* Frameworks */ = {
			isa = PBXFrameworksBuildPhase;
			buildActionMask = 2147483647;
			files = (
			);
			runOnlyForDeploymentPostprocessing = 0;
		};
/* End PBXFrameworksBuildPhase section */

/* Begin PBXGroup section */
		7C2711871DBE0DD1005A7525 = {
			isa = PBXGroup;
			children = (
				7C2711921DBE0DD1005A7525 /* TestCustomTableViewCell */,
				7C2711911DBE0DD1005A7525 /* Products */,
			);
			sourceTree = "<group>";
		};
		7C2711911DBE0DD1005A7525 /* Products */ = {
			isa = PBXGroup;
			children = (
				7C2711901DBE0DD1005A7525 /* TestCustomTableViewCell.app */,
			);
			name = Products;
			sourceTree = "<group>";
		};
		7C2711921DBE0DD1005A7525 /* TestCustomTableViewCell */ = {
			isa = PBXGroup;
			children = (
				7C2711A71DBE0E2F005A7525 /* Supportings */,
				7C2711971DBE0DD1005A7525 /* Main.storyboard */,
				7C2711A51DBE0E24005A7525 /* CustomTableViewController.swift */,
				7C2711A81DBE0FDE005A7525 /* Data.swift */,
				7C2711AA1DBE1228005A7525 /* CustomTableViewCell.swift */,
			);
			path = TestCustomTableViewCell;
			sourceTree = "<group>";
		};
		7C2711A71DBE0E2F005A7525 /* Supportings */ = {
			isa = PBXGroup;
			children = (
				7C2711931DBE0DD1005A7525 /* AppDelegate.swift */,
				7C27119A1DBE0DD1005A7525 /* Assets.xcassets */,
				7C27119C1DBE0DD1005A7525 /* LaunchScreen.storyboard */,
				7C27119F1DBE0DD1005A7525 /* Info.plist */,
			);
			name = Supportings;
			sourceTree = "<group>";
		};
/* End PBXGroup section */

/* Begin PBXNativeTarget section */
		7C27118F1DBE0DD1005A7525 /* TestCustomTableViewCell */ = {
			isa = PBXNativeTarget;
			buildConfigurationList = 7C2711A21DBE0DD1005A7525 /* Build configuration list for PBXNativeTarget "TestCustomTableViewCell" */;
			buildPhases = (
				7C27118C1DBE0DD1005A7525 /* Sources */,
				7C27118D1DBE0DD1005A7525 /* Frameworks */,
				7C27118E1DBE0DD1005A7525 /* Resources */,
			);
			buildRules = (
			);
			dependencies = (
			);
			name = TestCustomTableViewCell;
			productName = TestCustomTableViewCell;
			productReference = 7C2711901DBE0DD1005A7525 /* TestCustomTableViewCell.app */;
			productType = "com.apple.product-type.application";
		};
/* End PBXNativeTarget section */

/* Begin PBXProject section */
		7C2711881DBE0DD1005A7525 /* Project object */ = {
			isa = PBXProject;
			attributes = {
				LastSwiftUpdateCheck = 0800;
				LastUpgradeCheck = 0800;
				ORGANIZATIONNAME = "Go-Trust";
				TargetAttributes = {
					7C27118F1DBE0DD1005A7525 = {
						CreatedOnToolsVersion = 8.0;
						DevelopmentTeam = HV7YQRBGLU;
						ProvisioningStyle = Automatic;
					};
				};
			};
			buildConfigurationList = 7C27118B1DBE0DD1005A7525 /* Build configuration list for PBXProject "TestCustomTableViewCell" */;
			compatibilityVersion = "Xcode 3.2";
			developmentRegion = English;
			hasScannedForEncodings = 0;
			knownRegions = (
				en,
				Base,
			);
			mainGroup = 7C2711871DBE0DD1005A7525;
			productRefGroup = 7C2711911DBE0DD1005A7525 /* Products */;
			projectDirPath = "";
			projectRoot = "";
			targets = (
				7C27118F1DBE0DD1005A7525 /* TestCustomTableViewCell */,
			);
		};
/* End PBXProject section */

/* Begin PBXResourcesBuildPhase section */
		7C27118E1DBE0DD1005A7525 /* Resources */ = {
			isa = PBXResourcesBuildPhase;
			buildActionMask = 2147483647;
			files = (
				7C27119E1DBE0DD1005A7525 /* LaunchScreen.storyboard in Resources */,
				7C27119B1DBE0DD1005A7525 /* Assets.xcassets in Resources */,
				7C2711991DBE0DD1005A7525 /* Main.storyboard in Resources */,
			);
			runOnlyForDeploymentPostprocessing = 0;
		};
/* End PBXResourcesBuildPhase section */

/* Begin PBXSourcesBuildPhase section */
		7C27118C1DBE0DD1005A7525 /* Sources */ = {
			isa = PBXSourcesBuildPhase;
			buildActionMask = 2147483647;
			files = (
				7C2711A61DBE0E24005A7525 /* CustomTableViewController.swift in Sources */,
				7C2711A91DBE0FDE005A7525 /* Data.swift in Sources */,
				7C2711AB1DBE1228005A7525 /* CustomTableViewCell.swift in Sources */,
				7C2711941DBE0DD1005A7525 /* AppDelegate.swift in Sources */,
			);
			runOnlyForDeploymentPostprocessing = 0;
		};
/* End PBXSourcesBuildPhase section */

/* Begin PBXVariantGroup section */
		7C2711971DBE0DD1005A7525 /* Main.storyboard */ = {
			isa = PBXVariantGroup;
			children = (
				7C2711981DBE0DD1005A7525 /* Base */,
			);
			name = Main.storyboard;
			sourceTree = "<group>";
		};
		7C27119C1DBE0DD1005A7525 /* LaunchScreen.storyboard */ = {
			isa = PBXVariantGroup;
			children = (
				7C27119D1DBE0DD1005A7525 /* Base */,
			);
			name = LaunchScreen.storyboard;
			sourceTree = "<group>";
		};
/* End PBXVariantGroup section */

/* Begin XCBuildConfiguration section */
		7C2711A01DBE0DD1005A7525 /* Debug */ = {
			isa = XCBuildConfiguration;
			buildSettings = {
				ALWAYS_SEARCH_USER_PATHS = NO;
				CLANG_ANALYZER_NONNULL = YES;
				CLANG_CXX_LANGUAGE_STANDARD = "gnu++0x";
				CLANG_CXX_LIBRARY = "libc++";
				CLANG_ENABLE_MODULES = YES;
				CLANG_ENABLE_OBJC_ARC = YES;
				CLANG_WARN_BOOL_CONVERSION = YES;
				CLANG_WARN_CONSTANT_CONVERSION = YES;
				CLANG_WARN_DIRECT_OBJC_ISA_USAGE = YES_ERROR;
				CLANG_WARN_DOCUMENTATION_COMMENTS = YES;
				CLANG_WARN_EMPTY_BODY = YES;
				CLANG_WARN_ENUM_CONVERSION = YES;
				CLANG_WARN_INFINITE_RECURSION = YES;
				CLANG_WARN_INT_CONVERSION = YES;
				CLANG_WARN_OBJC_ROOT_CLASS = YES_ERROR;
				CLANG_WARN_SUSPICIOUS_MOVES = YES;
				CLANG_WARN_UNREACHABLE_CODE = YES;
				CLANG_WARN__DUPLICATE_METHOD_MATCH = YES;
				"CODE_SIGN_IDENTITY[sdk=iphoneos*]" = "iPhone Developer";
				COPY_PHASE_STRIP = NO;
				DEBUG_INFORMATION_FORMAT = dwarf;
				ENABLE_STRICT_OBJC_MSGSEND = YES;
				ENABLE_TESTABILITY = YES;
				GCC_C_LANGUAGE_STANDARD = gnu99;
				GCC_DYNAMIC_NO_PIC = NO;
				GCC_NO_COMMON_BLOCKS = YES;
				GCC_OPTIMIZATION_LEVEL = 0;
				GCC_PREPROCESSOR_DEFINITIONS = (
					"DEBUG=1",
					"$(inherited)",
				);
				GCC_WARN_64_TO_32_BIT_CONVERSION = YES;
				GCC_WARN_ABOUT_RETURN_TYPE = YES_ERROR;
				GCC_WARN_UNDECLARED_SELECTOR = YES;
				GCC_WARN_UNINITIALIZED_AUTOS = YES_AGGRESSIVE;
				GCC_WARN_UNUSED_FUNCTION = YES;
				GCC_WARN_UNUSED_VARIABLE = YES;
				IPHONEOS_DEPLOYMENT_TARGET = 10.0;
				MTL_ENABLE_DEBUG_INFO = YES;
				ONLY_ACTIVE_ARCH = YES;
				SDKROOT = iphoneos;
				SWIFT_ACTIVE_COMPILATION_CONDITIONS = DEBUG;
				SWIFT_OPTIMIZATION_LEVEL = "-Onone";
				TARGETED_DEVICE_FAMILY = "1,2";
			};
			name = Debug;
		};
		7C2711A11DBE0DD1005A7525 /* Release */ = {
			isa = XCBuildConfiguration;
			buildSettings = {
				ALWAYS_SEARCH_USER_PATHS = NO;
				CLANG_ANALYZER_NONNULL = YES;
				CLANG_CXX_LANGUAGE_STANDARD = "gnu++0x";
				CLANG_CXX_LIBRARY = "libc++";
				CLANG_ENABLE_MODULES = YES;
				CLANG_ENABLE_OBJC_ARC = YES;
				CLANG_WARN_BOOL_CONVERSION = YES;
				CLANG_WARN_CONSTANT_CONVERSION = YES;
				CLANG_WARN_DIRECT_OBJC_ISA_USAGE = YES_ERROR;
				CLANG_WARN_DOCUMENTATION_COMMENTS = YES;
				CLANG_WARN_EMPTY_BODY = YES;
				CLANG_WARN_ENUM_CONVERSION = YES;
				CLANG_WARN_INFINITE_RECURSION = YES;
				CLANG_WARN_INT_CONVERSION = YES;
				CLANG_WARN_OBJC_ROOT_CLASS = YES_ERROR;
				CLANG_WARN_SUSPICIOUS_MOVES = YES;
				CLANG_WARN_UNREACHABLE_CODE = YES;
				CLANG_WARN__DUPLICATE_METHOD_MATCH = YES;
				"CODE_SIGN_IDENTITY[sdk=iphoneos*]" = "iPhone Developer";
				COPY_PHASE_STRIP = NO;
				DEBUG_INFORMATION_FORMAT = "dwarf-with-dsym";
				ENABLE_NS_ASSERTIONS = NO;
				ENABLE_STRICT_OBJC_MSGSEND = YES;
				GCC_C_LANGUAGE_STANDARD = gnu99;
				GCC_NO_COMMON_BLOCKS = YES;
				GCC_WARN_64_TO_32_BIT_CONVERSION = YES;
				GCC_WARN_ABOUT_RETURN_TYPE = YES_ERROR;
				GCC_WARN_UNDECLARED_SELECTOR = YES;
				GCC_WARN_UNINITIALIZED_AUTOS = YES_AGGRESSIVE;
				GCC_WARN_UNUSED_FUNCTION = YES;
				GCC_WARN_UNUSED_VARIABLE = YES;
				IPHONEOS_DEPLOYMENT_TARGET = 10.0;
				MTL_ENABLE_DEBUG_INFO = NO;
				SDKROOT = iphoneos;
				SWIFT_OPTIMIZATION_LEVEL = "-Owholemodule";
				TARGETED_DEVICE_FAMILY = "1,2";
				VALIDATE_PRODUCT = YES;
			};
			name = Release;
		};
		7C2711A31DBE0DD1005A7525 /* Debug */ = {
			isa = XCBuildConfiguration;
			buildSettings = {
				ASSETCATALOG_COMPILER_APPICON_NAME = AppIcon;
				DEVELOPMENT_TEAM = HV7YQRBGLU;
				INFOPLIST_FILE = TestCustomTableViewCell/Info.plist;
				LD_RUNPATH_SEARCH_PATHS = "$(inherited) @executable_path/Frameworks";
				PRODUCT_BUNDLE_IDENTIFIER = com.gotrust.TestCustomTableViewCell;
				PRODUCT_NAME = "$(TARGET_NAME)";
				SWIFT_VERSION = 3.0;
			};
			name = Debug;
		};
		7C2711A41DBE0DD1005A7525 /* Release */ = {
			isa = XCBuildConfiguration;
			buildSettings = {
				ASSETCATALOG_COMPILER_APPICON_NAME = AppIcon;
				DEVELOPMENT_TEAM = HV7YQRBGLU;
				INFOPLIST_FILE = TestCustomTableViewCell/Info.plist;
				LD_RUNPATH_SEARCH_PATHS = "$(inherited) @executable_path/Frameworks";
				PRODUCT_BUNDLE_IDENTIFIER = com.gotrust.TestCustomTableViewCell;
				PRODUCT_NAME = "$(TARGET_NAME)";
				SWIFT_VERSION = 3.0;
			};
			name = Release;
		};
/* End XCBuildConfiguration section */

/* Begin XCConfigurationList section */
		7C27118B1DBE0DD1005A7525 /* Build configuration list for PBXProject "TestCustomTableViewCell" */ = {
			isa = XCConfigurationList;
			buildConfigurations = (
				7C2711A01DBE0DD1005A7525 /* Debug */,
				7C2711A11DBE0DD1005A7525 /* Release */,
			);
			defaultConfigurationIsVisible = 0;
			defaultConfigurationName = Release;
		};
		7C2711A21DBE0DD1005A7525 /* Build configuration list for PBXNativeTarget "TestCustomTableViewCell" */ = {
			isa = XCConfigurationList;
			buildConfigurations = (
				7C2711A31DBE0DD1005A7525 /* Debug */,
				7C2711A41DBE0DD1005A7525 /* Release */,
			);
			defaultConfigurationIsVisible = 0;
		};
/* End XCConfigurationList section */
	};
	rootObject = 7C2711881DBE0DD1005A7525 /* Project object */;
}
